// !$*UTF8*$!
{
	archiveVersion = 1;
	classes = {
	};
	objectVersion = 56;
	objects = {

/* Begin PBXBuildFile section */
		8343F14F2A72FACC007C5347 /* scrumdinger_tutorialApp.swift in Sources */ = {isa = PBXBuildFile; fileRef = 8343F14E2A72FACC007C5347 /* scrumdinger_tutorialApp.swift */; };
		8343F1512A72FACC007C5347 /* ContentView.swift in Sources */ = {isa = PBXBuildFile; fileRef = 8343F1502A72FACC007C5347 /* ContentView.swift */; };
		8343F1532A72FACD007C5347 /* Assets.xcassets in Resources */ = {isa = PBXBuildFile; fileRef = 8343F1522A72FACD007C5347 /* Assets.xcassets */; };
		8343F1562A72FACD007C5347 /* Preview Assets.xcassets in Resources */ = {isa = PBXBuildFile; fileRef = 8343F1552A72FACD007C5347 /* Preview Assets.xcassets */; };
		8343F1582A72FACD007C5347 /* Item.swift in Sources */ = {isa = PBXBuildFile; fileRef = 8343F1572A72FACD007C5347 /* Item.swift */; };
		8343F1622A72FACD007C5347 /* scrumdinger_tutorialTests.swift in Sources */ = {isa = PBXBuildFile; fileRef = 8343F1612A72FACD007C5347 /* scrumdinger_tutorialTests.swift */; };
		8343F16C2A72FACD007C5347 /* scrumdinger_tutorialUITests.swift in Sources */ = {isa = PBXBuildFile; fileRef = 8343F16B2A72FACD007C5347 /* scrumdinger_tutorialUITests.swift */; };
		8343F16E2A72FACD007C5347 /* scrumdinger_tutorialUITestsLaunchTests.swift in Sources */ = {isa = PBXBuildFile; fileRef = 8343F16D2A72FACD007C5347 /* scrumdinger_tutorialUITestsLaunchTests.swift */; };
/* End PBXBuildFile section */

/* Begin PBXContainerItemProxy section */
		8343F15E2A72FACD007C5347 /* PBXContainerItemProxy */ = {
			isa = PBXContainerItemProxy;
			containerPortal = 8343F1432A72FACC007C5347 /* Project object */;
			proxyType = 1;
			remoteGlobalIDString = 8343F14A2A72FACC007C5347;
			remoteInfo = scrumdinger_tutorial;
		};
		8343F1682A72FACD007C5347 /* PBXContainerItemProxy */ = {
			isa = PBXContainerItemProxy;
			containerPortal = 8343F1432A72FACC007C5347 /* Project object */;
			proxyType = 1;
			remoteGlobalIDString = 8343F14A2A72FACC007C5347;
			remoteInfo = scrumdinger_tutorial;
		};
/* End PBXContainerItemProxy section */

/* Begin PBXFileReference section */
		8343F14B2A72FACC007C5347 /* scrumdinger_tutorial.app */ = {isa = PBXFileReference; explicitFileType = wrapper.application; includeInIndex = 0; path = scrumdinger_tutorial.app; sourceTree = BUILT_PRODUCTS_DIR; };
		8343F14E2A72FACC007C5347 /* scrumdinger_tutorialApp.swift */ = {isa = PBXFileReference; lastKnownFileType = sourcecode.swift; path = scrumdinger_tutorialApp.swift; sourceTree = "<group>"; };
		8343F1502A72FACC007C5347 /* ContentView.swift */ = {isa = PBXFileReference; lastKnownFileType = sourcecode.swift; path = ContentView.swift; sourceTree = "<group>"; };
		8343F1522A72FACD007C5347 /* Assets.xcassets */ = {isa = PBXFileReference; lastKnownFileType = folder.assetcatalog; path = Assets.xcassets; sourceTree = "<group>"; };
		8343F1552A72FACD007C5347 /* Preview Assets.xcassets */ = {isa = PBXFileReference; lastKnownFileType = folder.assetcatalog; path = "Preview Assets.xcassets"; sourceTree = "<group>"; };
		8343F1572A72FACD007C5347 /* Item.swift */ = {isa = PBXFileReference; lastKnownFileType = sourcecode.swift; path = Item.swift; sourceTree = "<group>"; };
		8343F15D2A72FACD007C5347 /* scrumdinger_tutorialTests.xctest */ = {isa = PBXFileReference; explicitFileType = wrapper.cfbundle; includeInIndex = 0; path = scrumdinger_tutorialTests.xctest; sourceTree = BUILT_PRODUCTS_DIR; };
		8343F1612A72FACD007C5347 /* scrumdinger_tutorialTests.swift */ = {isa = PBXFileReference; lastKnownFileType = sourcecode.swift; path = scrumdinger_tutorialTests.swift; sourceTree = "<group>"; };
		8343F1672A72FACD007C5347 /* scrumdinger_tutorialUITests.xctest */ = {isa = PBXFileReference; explicitFileType = wrapper.cfbundle; includeInIndex = 0; path = scrumdinger_tutorialUITests.xctest; sourceTree = BUILT_PRODUCTS_DIR; };
		8343F16B2A72FACD007C5347 /* scrumdinger_tutorialUITests.swift */ = {isa = PBXFileReference; lastKnownFileType = sourcecode.swift; path = scrumdinger_tutorialUITests.swift; sourceTree = "<group>"; };
		8343F16D2A72FACD007C5347 /* scrumdinger_tutorialUITestsLaunchTests.swift */ = {isa = PBXFileReference; lastKnownFileType = sourcecode.swift; path = scrumdinger_tutorialUITestsLaunchTests.swift; sourceTree = "<group>"; };
/* End PBXFileReference section */

/* Begin PBXFrameworksBuildPhase section */
		8343F1482A72FACC007C5347 /* Frameworks */ = {
			isa = PBXFrameworksBuildPhase;
			buildActionMask = 2147483647;
			files = (
			);
			runOnlyForDeploymentPostprocessing = 0;
		};
		8343F15A2A72FACD007C5347 /* Frameworks */ = {
			isa = PBXFrameworksBuildPhase;
			buildActionMask = 2147483647;
			files = (
			);
			runOnlyForDeploymentPostprocessing = 0;
		};
		8343F1642A72FACD007C5347 /* Frameworks */ = {
			isa = PBXFrameworksBuildPhase;
			buildActionMask = 2147483647;
			files = (
			);
			runOnlyForDeploymentPostprocessing = 0;
		};
/* End PBXFrameworksBuildPhase section */

/* Begin PBXGroup section */
		8343F1422A72FACC007C5347 = {
			isa = PBXGroup;
			children = (
				8343F14D2A72FACC007C5347 /* scrumdinger_tutorial */,
				8343F1602A72FACD007C5347 /* scrumdinger_tutorialTests */,
				8343F16A2A72FACD007C5347 /* scrumdinger_tutorialUITests */,
				8343F14C2A72FACC007C5347 /* Products */,
			);
			sourceTree = "<group>";
		};
		8343F14C2A72FACC007C5347 /* Products */ = {
			isa = PBXGroup;
			children = (
				8343F14B2A72FACC007C5347 /* scrumdinger_tutorial.app */,
				8343F15D2A72FACD007C5347 /* scrumdinger_tutorialTests.xctest */,
				8343F1672A72FACD007C5347 /* scrumdinger_tutorialUITests.xctest */,
			);
			name = Products;
			sourceTree = "<group>";
		};
		8343F14D2A72FACC007C5347 /* scrumdinger_tutorial */ = {
			isa = PBXGroup;
			children = (
				8343F14E2A72FACC007C5347 /* scrumdinger_tutorialApp.swift */,
				8343F1502A72FACC007C5347 /* ContentView.swift */,
				8343F1522A72FACD007C5347 /* Assets.xcassets */,
				8343F1572A72FACD007C5347 /* Item.swift */,
				8343F1542A72FACD007C5347 /* Preview Content */,
			);
			path = scrumdinger_tutorial;
			sourceTree = "<group>";
		};
		8343F1542A72FACD007C5347 /* Preview Content */ = {
			isa = PBXGroup;
			children = (
				8343F1552A72FACD007C5347 /* Preview Assets.xcassets */,
			);
			path = "Preview Content";
			sourceTree = "<group>";
		};
		8343F1602A72FACD007C5347 /* scrumdinger_tutorialTests */ = {
			isa = PBXGroup;
			children = (
				8343F1612A72FACD007C5347 /* scrumdinger_tutorialTests.swift */,
			);
			path = scrumdinger_tutorialTests;
			sourceTree = "<group>";
		};
		8343F16A2A72FACD007C5347 /* scrumdinger_tutorialUITests */ = {
			isa = PBXGroup;
			children = (
				8343F16B2A72FACD007C5347 /* scrumdinger_tutorialUITests.swift */,
				8343F16D2A72FACD007C5347 /* scrumdinger_tutorialUITestsLaunchTests.swift */,
			);
			path = scrumdinger_tutorialUITests;
			sourceTree = "<group>";
		};
/* End PBXGroup section */

/* Begin PBXNativeTarget section */
		8343F14A2A72FACC007C5347 /* scrumdinger_tutorial */ = {
			isa = PBXNativeTarget;
			buildConfigurationList = 8343F1712A72FACD007C5347 /* Build configuration list for PBXNativeTarget "scrumdinger_tutorial" */;
			buildPhases = (
				8343F1472A72FACC007C5347 /* Sources */,
				8343F1482A72FACC007C5347 /* Frameworks */,
				8343F1492A72FACC007C5347 /* Resources */,
			);
			buildRules = (
			);
			dependencies = (
			);
			name = scrumdinger_tutorial;
			productName = scrumdinger_tutorial;
			productReference = 8343F14B2A72FACC007C5347 /* scrumdinger_tutorial.app */;
			productType = "com.apple.product-type.application";
		};
		8343F15C2A72FACD007C5347 /* scrumdinger_tutorialTests */ = {
			isa = PBXNativeTarget;
			buildConfigurationList = 8343F1742A72FACD007C5347 /* Build configuration list for PBXNativeTarget "scrumdinger_tutorialTests" */;
			buildPhases = (
				8343F1592A72FACD007C5347 /* Sources */,
				8343F15A2A72FACD007C5347 /* Frameworks */,
				8343F15B2A72FACD007C5347 /* Resources */,
			);
			buildRules = (
			);
			dependencies = (
				8343F15F2A72FACD007C5347 /* PBXTargetDependency */,
			);
			name = scrumdinger_tutorialTests;
			productName = scrumdinger_tutorialTests;
			productReference = 8343F15D2A72FACD007C5347 /* scrumdinger_tutorialTests.xctest */;
			productType = "com.apple.product-type.bundle.unit-test";
		};
		8343F1662A72FACD007C5347 /* scrumdinger_tutorialUITests */ = {
			isa = PBXNativeTarget;
			buildConfigurationList = 8343F1772A72FACD007C5347 /* Build configuration list for PBXNativeTarget "scrumdinger_tutorialUITests" */;
			buildPhases = (
				8343F1632A72FACD007C5347 /* Sources */,
				8343F1642A72FACD007C5347 /* Frameworks */,
				8343F1652A72FACD007C5347 /* Resources */,
			);
			buildRules = (
			);
			dependencies = (
				8343F1692A72FACD007C5347 /* PBXTargetDependency */,
			);
			name = scrumdinger_tutorialUITests;
			productName = scrumdinger_tutorialUITests;
			productReference = 8343F1672A72FACD007C5347 /* scrumdinger_tutorialUITests.xctest */;
			productType = "com.apple.product-type.bundle.ui-testing";
		};
/* End PBXNativeTarget section */

/* Begin PBXProject section */
		8343F1432A72FACC007C5347 /* Project object */ = {
			isa = PBXProject;
			attributes = {
				BuildIndependentTargetsInParallel = 1;
				LastSwiftUpdateCheck = 1500;
				LastUpgradeCheck = 1500;
				TargetAttributes = {
					8343F14A2A72FACC007C5347 = {
						CreatedOnToolsVersion = 15.0;
					};
					8343F15C2A72FACD007C5347 = {
						CreatedOnToolsVersion = 15.0;
						TestTargetID = 8343F14A2A72FACC007C5347;
					};
					8343F1662A72FACD007C5347 = {
						CreatedOnToolsVersion = 15.0;
						TestTargetID = 8343F14A2A72FACC007C5347;
					};
				};
			};
			buildConfigurationList = 8343F1462A72FACC007C5347 /* Build configuration list for PBXProject "scrumdinger_tutorial" */;
			compatibilityVersion = "Xcode 14.0";
			developmentRegion = en;
			hasScannedForEncodings = 0;
			knownRegions = (
				en,
				Base,
			);
			mainGroup = 8343F1422A72FACC007C5347;
			productRefGroup = 8343F14C2A72FACC007C5347 /* Products */;
			projectDirPath = "";
			projectRoot = "";
			targets = (
				8343F14A2A72FACC007C5347 /* scrumdinger_tutorial */,
				8343F15C2A72FACD007C5347 /* scrumdinger_tutorialTests */,
				8343F1662A72FACD007C5347 /* scrumdinger_tutorialUITests */,
			);
		};
/* End PBXProject section */

/* Begin PBXResourcesBuildPhase section */
		8343F1492A72FACC007C5347 /* Resources */ = {
			isa = PBXResourcesBuildPhase;
			buildActionMask = 2147483647;
			files = (
				8343F1562A72FACD007C5347 /* Preview Assets.xcassets in Resources */,
				8343F1532A72FACD007C5347 /* Assets.xcassets in Resources */,
			);
			runOnlyForDeploymentPostprocessing = 0;
		};
		8343F15B2A72FACD007C5347 /* Resources */ = {
			isa = PBXResourcesBuildPhase;
			buildActionMask = 2147483647;
			files = (
			);
			runOnlyForDeploymentPostprocessing = 0;
		};
		8343F1652A72FACD007C5347 /* Resources */ = {
			isa = PBXResourcesBuildPhase;
			buildActionMask = 2147483647;
			files = (
			);
			runOnlyForDeploymentPostprocessing = 0;
		};
/* End PBXResourcesBuildPhase section */

/* Begin PBXSourcesBuildPhase section */
		8343F1472A72FACC007C5347 /* Sources */ = {
			isa = PBXSourcesBuildPhase;
			buildActionMask = 2147483647;
			files = (
				8343F1512A72FACC007C5347 /* ContentView.swift in Sources */,
				8343F1582A72FACD007C5347 /* Item.swift in Sources */,
				8343F14F2A72FACC007C5347 /* scrumdinger_tutorialApp.swift in Sources */,
			);
			runOnlyForDeploymentPostprocessing = 0;
		};
		8343F1592A72FACD007C5347 /* Sources */ = {
			isa = PBXSourcesBuildPhase;
			buildActionMask = 2147483647;
			files = (
				8343F1622A72FACD007C5347 /* scrumdinger_tutorialTests.swift in Sources */,
			);
			runOnlyForDeploymentPostprocessing = 0;
		};
		8343F1632A72FACD007C5347 /* Sources */ = {
			isa = PBXSourcesBuildPhase;
			buildActionMask = 2147483647;
			files = (
				8343F16E2A72FACD007C5347 /* scrumdinger_tutorialUITestsLaunchTests.swift in Sources */,
				8343F16C2A72FACD007C5347 /* scrumdinger_tutorialUITests.swift in Sources */,
			);
			runOnlyForDeploymentPostprocessing = 0;
		};
/* End PBXSourcesBuildPhase section */

/* Begin PBXTargetDependency section */
		8343F15F2A72FACD007C5347 /* PBXTargetDependency */ = {
			isa = PBXTargetDependency;
			target = 8343F14A2A72FACC007C5347 /* scrumdinger_tutorial */;
			targetProxy = 8343F15E2A72FACD007C5347 /* PBXContainerItemProxy */;
		};
		8343F1692A72FACD007C5347 /* PBXTargetDependency */ = {
			isa = PBXTargetDependency;
			target = 8343F14A2A72FACC007C5347 /* scrumdinger_tutorial */;
			targetProxy = 8343F1682A72FACD007C5347 /* PBXContainerItemProxy */;
		};
/* End PBXTargetDependency section */

/* Begin XCBuildConfiguration section */
		8343F16F2A72FACD007C5347 /* Debug */ = {
			isa = XCBuildConfiguration;
			buildSettings = {
				ALWAYS_SEARCH_USER_PATHS = NO;
				ASSETCATALOG_COMPILER_GENERATE_SWIFT_ASSET_SYMBOL_EXTENSIONS = YES;
				CLANG_ANALYZER_NONNULL = YES;
				CLANG_ANALYZER_NUMBER_OBJECT_CONVERSION = YES_AGGRESSIVE;
				CLANG_CXX_LANGUAGE_STANDARD = "gnu++20";
				CLANG_ENABLE_MODULES = YES;
				CLANG_ENABLE_OBJC_ARC = YES;
				CLANG_ENABLE_OBJC_WEAK = YES;
				CLANG_WARN_BLOCK_CAPTURE_AUTORELEASING = YES;
				CLANG_WARN_BOOL_CONVERSION = YES;
				CLANG_WARN_COMMA = YES;
				CLANG_WARN_CONSTANT_CONVERSION = YES;
				CLANG_WARN_DEPRECATED_OBJC_IMPLEMENTATIONS = YES;
				CLANG_WARN_DIRECT_OBJC_ISA_USAGE = YES_ERROR;
				CLANG_WARN_DOCUMENTATION_COMMENTS = YES;
				CLANG_WARN_EMPTY_BODY = YES;
				CLANG_WARN_ENUM_CONVERSION = YES;
				CLANG_WARN_INFINITE_RECURSION = YES;
				CLANG_WARN_INT_CONVERSION = YES;
				CLANG_WARN_NON_LITERAL_NULL_CONVERSION = YES;
				CLANG_WARN_OBJC_IMPLICIT_RETAIN_SELF = YES;
				CLANG_WARN_OBJC_LITERAL_CONVERSION = YES;
				CLANG_WARN_OBJC_ROOT_CLASS = YES_ERROR;
				CLANG_WARN_QUOTED_INCLUDE_IN_FRAMEWORK_HEADER = YES;
				CLANG_WARN_RANGE_LOOP_ANALYSIS = YES;
				CLANG_WARN_STRICT_PROTOTYPES = YES;
				CLANG_WARN_SUSPICIOUS_MOVE = YES;
				CLANG_WARN_UNGUARDED_AVAILABILITY = YES_AGGRESSIVE;
				CLANG_WARN_UNREACHABLE_CODE = YES;
				CLANG_WARN__DUPLICATE_METHOD_MATCH = YES;
				COPY_PHASE_STRIP = NO;
				DEBUG_INFORMATION_FORMAT = dwarf;
				ENABLE_STRICT_OBJC_MSGSEND = YES;
				ENABLE_TESTABILITY = YES;
				ENABLE_USER_SCRIPT_SANDBOXING = YES;
				GCC_C_LANGUAGE_STANDARD = gnu17;
				GCC_DYNAMIC_NO_PIC = NO;
				GCC_NO_COMMON_BLOCKS = YES;
				GCC_OPTIMIZATION_LEVEL = 0;
				GCC_PREPROCESSOR_DEFINITIONS = (
					"DEBUG=1",
					"$(inherited)",
				);
				GCC_WARN_64_TO_32_BIT_CONVERSION = YES;
				GCC_WARN_ABOUT_RETURN_TYPE = YES_ERROR;
				GCC_WARN_UNDECLARED_SELECTOR = YES;
				GCC_WARN_UNINITIALIZED_AUTOS = YES_AGGRESSIVE;
				GCC_WARN_UNUSED_FUNCTION = YES;
				GCC_WARN_UNUSED_VARIABLE = YES;
				IPHONEOS_DEPLOYMENT_TARGET = 17.0;
				LOCALIZATION_PREFERS_STRING_CATALOGS = YES;
				MTL_ENABLE_DEBUG_INFO = INCLUDE_SOURCE;
				MTL_FAST_MATH = YES;
				ONLY_ACTIVE_ARCH = YES;
				SDKROOT = iphoneos;
				SWIFT_ACTIVE_COMPILATION_CONDITIONS = "DEBUG $(inherited)";
				SWIFT_OPTIMIZATION_LEVEL = "-Onone";
			};
			name = Debug;
		};
		8343F1702A72FACD007C5347 /* Release */ = {
			isa = XCBuildConfiguration;
			buildSettings = {
				ALWAYS_SEARCH_USER_PATHS = NO;
				ASSETCATALOG_COMPILER_GENERATE_SWIFT_ASSET_SYMBOL_EXTENSIONS = YES;
				CLANG_ANALYZER_NONNULL = YES;
				CLANG_ANALYZER_NUMBER_OBJECT_CONVERSION = YES_AGGRESSIVE;
				CLANG_CXX_LANGUAGE_STANDARD = "gnu++20";
				CLANG_ENABLE_MODULES = YES;
				CLANG_ENABLE_OBJC_ARC = YES;
				CLANG_ENABLE_OBJC_WEAK = YES;
				CLANG_WARN_BLOCK_CAPTURE_AUTORELEASING = YES;
				CLANG_WARN_BOOL_CONVERSION = YES;
				CLANG_WARN_COMMA = YES;
				CLANG_WARN_CONSTANT_CONVERSION = YES;
				CLANG_WARN_DEPRECATED_OBJC_IMPLEMENTATIONS = YES;
				CLANG_WARN_DIRECT_OBJC_ISA_USAGE = YES_ERROR;
				CLANG_WARN_DOCUMENTATION_COMMENTS = YES;
				CLANG_WARN_EMPTY_BODY = YES;
				CLANG_WARN_ENUM_CONVERSION = YES;
				CLANG_WARN_INFINITE_RECURSION = YES;
				CLANG_WARN_INT_CONVERSION = YES;
				CLANG_WARN_NON_LITERAL_NULL_CONVERSION = YES;
				CLANG_WARN_OBJC_IMPLICIT_RETAIN_SELF = YES;
				CLANG_WARN_OBJC_LITERAL_CONVERSION = YES;
				CLANG_WARN_OBJC_ROOT_CLASS = YES_ERROR;
				CLANG_WARN_QUOTED_INCLUDE_IN_FRAMEWORK_HEADER = YES;
				CLANG_WARN_RANGE_LOOP_ANALYSIS = YES;
				CLANG_WARN_STRICT_PROTOTYPES = YES;
				CLANG_WARN_SUSPICIOUS_MOVE = YES;
				CLANG_WARN_UNGUARDED_AVAILABILITY = YES_AGGRESSIVE;
				CLANG_WARN_UNREACHABLE_CODE = YES;
				CLANG_WARN__DUPLICATE_METHOD_MATCH = YES;
				COPY_PHASE_STRIP = NO;
				DEBUG_INFORMATION_FORMAT = "dwarf-with-dsym";
				ENABLE_NS_ASSERTIONS = NO;
				ENABLE_STRICT_OBJC_MSGSEND = YES;
				ENABLE_USER_SCRIPT_SANDBOXING = YES;
				GCC_C_LANGUAGE_STANDARD = gnu17;
				GCC_NO_COMMON_BLOCKS = YES;
				GCC_WARN_64_TO_32_BIT_CONVERSION = YES;
				GCC_WARN_ABOUT_RETURN_TYPE = YES_ERROR;
				GCC_WARN_UNDECLARED_SELECTOR = YES;
				GCC_WARN_UNINITIALIZED_AUTOS = YES_AGGRESSIVE;
				GCC_WARN_UNUSED_FUNCTION = YES;
				GCC_WARN_UNUSED_VARIABLE = YES;
				IPHONEOS_DEPLOYMENT_TARGET = 17.0;
				LOCALIZATION_PREFERS_STRING_CATALOGS = YES;
				MTL_ENABLE_DEBUG_INFO = NO;
				MTL_FAST_MATH = YES;
				SDKROOT = iphoneos;
				SWIFT_COMPILATION_MODE = wholemodule;
				VALIDATE_PRODUCT = YES;
			};
			name = Release;
		};
		8343F1722A72FACD007C5347 /* Debug */ = {
			isa = XCBuildConfiguration;
			buildSettings = {
				ASSETCATALOG_COMPILER_APPICON_NAME = AppIcon;
				ASSETCATALOG_COMPILER_GLOBAL_ACCENT_COLOR_NAME = AccentColor;
				CODE_SIGN_STYLE = Automatic;
				CURRENT_PROJECT_VERSION = 1;
				DEVELOPMENT_ASSET_PATHS = "\"scrumdinger_tutorial/Preview Content\"";
				DEVELOPMENT_TEAM = WM74ZK364Q;
				ENABLE_PREVIEWS = YES;
				GENERATE_INFOPLIST_FILE = YES;
				INFOPLIST_KEY_UIApplicationSceneManifest_Generation = YES;
				INFOPLIST_KEY_UIApplicationSupportsIndirectInputEvents = YES;
				INFOPLIST_KEY_UILaunchScreen_Generation = YES;
				INFOPLIST_KEY_UISupportedInterfaceOrientations_iPad = "UIInterfaceOrientationPortrait UIInterfaceOrientationPortraitUpsideDown UIInterfaceOrientationLandscapeLeft UIInterfaceOrientationLandscapeRight";
				INFOPLIST_KEY_UISupportedInterfaceOrientations_iPhone = "UIInterfaceOrientationPortrait UIInterfaceOrientationLandscapeLeft UIInterfaceOrientationLandscapeRight";
				LD_RUNPATH_SEARCH_PATHS = (
					"$(inherited)",
					"@executable_path/Frameworks",
				);
				MARKETING_VERSION = 1.0;
				PRODUCT_BUNDLE_IDENTIFIER = "richardlthomas.scrumdinger-tutorial";
				PRODUCT_NAME = "$(TARGET_NAME)";
				SWIFT_EMIT_LOC_STRINGS = YES;
				SWIFT_VERSION = 5.0;
				TARGETED_DEVICE_FAMILY = "1,2";
			};
			name = Debug;
		};
		8343F1732A72FACD007C5347 /* Release */ = {
			isa = XCBuildConfiguration;
			buildSettings = {
				ASSETCATALOG_COMPILER_APPICON_NAME = AppIcon;
				ASSETCATALOG_COMPILER_GLOBAL_ACCENT_COLOR_NAME = AccentColor;
				CODE_SIGN_STYLE = Automatic;
				CURRENT_PROJECT_VERSION = 1;
				DEVELOPMENT_ASSET_PATHS = "\"scrumdinger_tutorial/Preview Content\"";
				DEVELOPMENT_TEAM = WM74ZK364Q;
				ENABLE_PREVIEWS = YES;
				GENERATE_INFOPLIST_FILE = YES;
				INFOPLIST_KEY_UIApplicationSceneManifest_Generation = YES;
				INFOPLIST_KEY_UIApplicationSupportsIndirectInputEvents = YES;
				INFOPLIST_KEY_UILaunchScreen_Generation = YES;
				INFOPLIST_KEY_UISupportedInterfaceOrientations_iPad = "UIInterfaceOrientationPortrait UIInterfaceOrientationPortraitUpsideDown UIInterfaceOrientationLandscapeLeft UIInterfaceOrientationLandscapeRight";
				INFOPLIST_KEY_UISupportedInterfaceOrientations_iPhone = "UIInterfaceOrientationPortrait UIInterfaceOrientationLandscapeLeft UIInterfaceOrientationLandscapeRight";
				LD_RUNPATH_SEARCH_PATHS = (
					"$(inherited)",
					"@executable_path/Frameworks",
				);
				MARKETING_VERSION = 1.0;
				PRODUCT_BUNDLE_IDENTIFIER = "richardlthomas.scrumdinger-tutorial";
				PRODUCT_NAME = "$(TARGET_NAME)";
				SWIFT_EMIT_LOC_STRINGS = YES;
				SWIFT_VERSION = 5.0;
				TARGETED_DEVICE_FAMILY = "1,2";
			};
			name = Release;
		};
		8343F1752A72FACD007C5347 /* Debug */ = {
			isa = XCBuildConfiguration;
			buildSettings = {
				ALWAYS_EMBED_SWIFT_STANDARD_LIBRARIES = YES;
				BUNDLE_LOADER = "$(TEST_HOST)";
				CODE_SIGN_STYLE = Automatic;
				CURRENT_PROJECT_VERSION = 1;
				DEVELOPMENT_TEAM = WM74ZK364Q;
				GENERATE_INFOPLIST_FILE = YES;
				IPHONEOS_DEPLOYMENT_TARGET = 17.0;
				MARKETING_VERSION = 1.0;
				PRODUCT_BUNDLE_IDENTIFIER = "richardlthomas.scrumdinger-tutorialTests";
				PRODUCT_NAME = "$(TARGET_NAME)";
				SWIFT_EMIT_LOC_STRINGS = NO;
				SWIFT_VERSION = 5.0;
				TARGETED_DEVICE_FAMILY = "1,2";
				TEST_HOST = "$(BUILT_PRODUCTS_DIR)/scrumdinger_tutorial.app/$(BUNDLE_EXECUTABLE_FOLDER_PATH)/scrumdinger_tutorial";
			};
			name = Debug;
		};
		8343F1762A72FACD007C5347 /* Release */ = {
			isa = XCBuildConfiguration;
			buildSettings = {
				ALWAYS_EMBED_SWIFT_STANDARD_LIBRARIES = YES;
				BUNDLE_LOADER = "$(TEST_HOST)";
				CODE_SIGN_STYLE = Automatic;
				CURRENT_PROJECT_VERSION = 1;
				DEVELOPMENT_TEAM = WM74ZK364Q;
				GENERATE_INFOPLIST_FILE = YES;
				IPHONEOS_DEPLOYMENT_TARGET = 17.0;
				MARKETING_VERSION = 1.0;
				PRODUCT_BUNDLE_IDENTIFIER = "richardlthomas.scrumdinger-tutorialTests";
				PRODUCT_NAME = "$(TARGET_NAME)";
				SWIFT_EMIT_LOC_STRINGS = NO;
				SWIFT_VERSION = 5.0;
				TARGETED_DEVICE_FAMILY = "1,2";
				TEST_HOST = "$(BUILT_PRODUCTS_DIR)/scrumdinger_tutorial.app/$(BUNDLE_EXECUTABLE_FOLDER_PATH)/scrumdinger_tutorial";
			};
			name = Release;
		};
		8343F1782A72FACD007C5347 /* Debug */ = {
			isa = XCBuildConfiguration;
			buildSettings = {
				ALWAYS_EMBED_SWIFT_STANDARD_LIBRARIES = YES;
				CODE_SIGN_STYLE = Automatic;
				CURRENT_PROJECT_VERSION = 1;
				DEVELOPMENT_TEAM = WM74ZK364Q;
				GENERATE_INFOPLIST_FILE = YES;
				MARKETING_VERSION = 1.0;
				PRODUCT_BUNDLE_IDENTIFIER = "richardlthomas.scrumdinger-tutorialUITests";
				PRODUCT_NAME = "$(TARGET_NAME)";
				SWIFT_EMIT_LOC_STRINGS = NO;
				SWIFT_VERSION = 5.0;
				TARGETED_DEVICE_FAMILY = "1,2";
				TEST_TARGET_NAME = scrumdinger_tutorial;
			};
			name = Debug;
		};
		8343F1792A72FACD007C5347 /* Release */ = {
			isa = XCBuildConfiguration;
			buildSettings = {
				ALWAYS_EMBED_SWIFT_STANDARD_LIBRARIES = YES;
				CODE_SIGN_STYLE = Automatic;
				CURRENT_PROJECT_VERSION = 1;
				DEVELOPMENT_TEAM = WM74ZK364Q;
				GENERATE_INFOPLIST_FILE = YES;
				MARKETING_VERSION = 1.0;
				PRODUCT_BUNDLE_IDENTIFIER = "richardlthomas.scrumdinger-tutorialUITests";
				PRODUCT_NAME = "$(TARGET_NAME)";
				SWIFT_EMIT_LOC_STRINGS = NO;
				SWIFT_VERSION = 5.0;
				TARGETED_DEVICE_FAMILY = "1,2";
				TEST_TARGET_NAME = scrumdinger_tutorial;
			};
			name = Release;
		};
/* End XCBuildConfiguration section */

/* Begin XCConfigurationList section */
		8343F1462A72FACC007C5347 /* Build configuration list for PBXProject "scrumdinger_tutorial" */ = {
			isa = XCConfigurationList;
			buildConfigurations = (
				8343F16F2A72FACD007C5347 /* Debug */,
				8343F1702A72FACD007C5347 /* Release */,
			);
			defaultConfigurationIsVisible = 0;
			defaultConfigurationName = Release;
		};
		8343F1712A72FACD007C5347 /* Build configuration list for PBXNativeTarget "scrumdinger_tutorial" */ = {
			isa = XCConfigurationList;
			buildConfigurations = (
				8343F1722A72FACD007C5347 /* Debug */,
				8343F1732A72FACD007C5347 /* Release */,
			);
			defaultConfigurationIsVisible = 0;
			defaultConfigurationName = Release;
		};
		8343F1742A72FACD007C5347 /* Build configuration list for PBXNativeTarget "scrumdinger_tutorialTests" */ = {
			isa = XCConfigurationList;
			buildConfigurations = (
				8343F1752A72FACD007C5347 /* Debug */,
				8343F1762A72FACD007C5347 /* Release */,
			);
			defaultConfigurationIsVisible = 0;
			defaultConfigurationName = Release;
		};
		8343F1772A72FACD007C5347 /* Build configuration list for PBXNativeTarget "scrumdinger_tutorialUITests" */ = {
			isa = XCConfigurationList;
			buildConfigurations = (
				8343F1782A72FACD007C5347 /* Debug */,
				8343F1792A72FACD007C5347 /* Release */,
			);
			defaultConfigurationIsVisible = 0;
			defaultConfigurationName = Release;
		};
/* End XCConfigurationList section */
	};
	rootObject = 8343F1432A72FACC007C5347 /* Project object */;
}
